
Microsoft Visual Studio Solution File, Format Version 12.00
# Visual Studio Version 17
VisualStudioVersion = 17.0.31903.59
MinimumVisualStudioVersion = 10.0.40219.1
Project("{2150E333-8FDC-42A3-9474-1A3956D46DE8}") = "src", "src", "{4619F728-AAB8-4EE1-8EE1-D9CAAEB95C73}"
EndProject
Project("{FAE04EC0-301F-11D3-BF4B-00C04F79EFBC}") = "AuctionService", "src\AuctionService\AuctionService.csproj", "{7D210AB5-98A6-4F21-951C-65CF3CC15DDC}"
EndProject
Project("{FAE04EC0-301F-11D3-BF4B-00C04F79EFBC}") = "SearchService", "src\SearchService\SearchService.csproj", "{DE7F7642-E2A8-4E0B-B04F-82A3547DBE1D}"
EndProject
Project("{FAE04EC0-301F-11D3-BF4B-00C04F79EFBC}") = "Contracts", "src\Contracts\Contracts.csproj", "{0ABE1398-A699-4AE9-A5E3-7578A7C64685}"
EndProject
Global
	GlobalSection(SolutionConfigurationPlatforms) = preSolution
		Debug|Any CPU = Debug|Any CPU
		Release|Any CPU = Release|Any CPU
	EndGlobalSection
	GlobalSection(SolutionProperties) = preSolution
		HideSolutionNode = FALSE
	EndGlobalSection
	GlobalSection(ProjectConfigurationPlatforms) = postSolution
		{7D210AB5-98A6-4F21-951C-65CF3CC15DDC}.Debug|Any CPU.ActiveCfg = Debug|Any CPU
		{7D210AB5-98A6-4F21-951C-65CF3CC15DDC}.Debug|Any CPU.Build.0 = Debug|Any CPU
		{7D210AB5-98A6-4F21-951C-65CF3CC15DDC}.Release|Any CPU.ActiveCfg = Release|Any CPU
		{7D210AB5-98A6-4F21-951C-65CF3CC15DDC}.Release|Any CPU.Build.0 = Release|Any CPU
		{DE7F7642-E2A8-4E0B-B04F-82A3547DBE1D}.Debug|Any CPU.ActiveCfg = Debug|Any CPU
		{DE7F7642-E2A8-4E0B-B04F-82A3547DBE1D}.Debug|Any CPU.Build.0 = Debug|Any CPU
		{DE7F7642-E2A8-4E0B-B04F-82A3547DBE1D}.Release|Any CPU.ActiveCfg = Release|Any CPU
		{DE7F7642-E2A8-4E0B-B04F-82A3547DBE1D}.Release|Any CPU.Build.0 = Release|Any CPU
		{0ABE1398-A699-4AE9-A5E3-7578A7C64685}.Debug|Any CPU.ActiveCfg = Debug|Any CPU
		{0ABE1398-A699-4AE9-A5E3-7578A7C64685}.Debug|Any CPU.Build.0 = Debug|Any CPU
		{0ABE1398-A699-4AE9-A5E3-7578A7C64685}.Release|Any CPU.ActiveCfg = Release|Any CPU
		{0ABE1398-A699-4AE9-A5E3-7578A7C64685}.Release|Any CPU.Build.0 = Release|Any CPU
	EndGlobalSection
	GlobalSection(NestedProjects) = preSolution
		{7D210AB5-98A6-4F21-951C-65CF3CC15DDC} = {4619F728-AAB8-4EE1-8EE1-D9CAAEB95C73}
		{DE7F7642-E2A8-4E0B-B04F-82A3547DBE1D} = {4619F728-AAB8-4EE1-8EE1-D9CAAEB95C73}
		{0ABE1398-A699-4AE9-A5E3-7578A7C64685} = {4619F728-AAB8-4EE1-8EE1-D9CAAEB95C73}
	EndGlobalSection
EndGlobal
